
Microsoft Visual Studio Solution File, Format Version 12.00
# Visual Studio 2013
VisualStudioVersion = 12.0.21005.1
MinimumVisualStudioVersion = 10.0.40219.1
Project("{FAE04EC0-301F-11D3-BF4B-00C04F79EFBC}") = "Moving Text Chase Final", "Moving Text Chase Final\Moving Text Chase Final.csproj", "{DA306FDE-A17E-464F-8686-85DAB955C473}"
EndProject
Global
	GlobalSection(TeamFoundationVersionControl) = preSolution
		SccNumberOfProjects = 2
		SccEnterpriseProvider = {4CA58AB2-18FA-4F8D-95D4-32DDF27D184C}
		SccTeamFoundationServer = https://antonysedgewick.visualstudio.com/defaultcollection
		SccLocalPath0 = .
		SccProjectUniqueName1 = Moving\u0020Text\u0020Chase\u0020Final\\Moving\u0020Text\u0020Chase\u0020Final.csproj
		SccProjectName1 = Moving\u0020Text\u0020Chase\u0020Final
		SccLocalPath1 = Moving\u0020Text\u0020Chase\u0020Final
	EndGlobalSection
	GlobalSection(SolutionConfigurationPlatforms) = preSolution
		Debug|x86 = Debug|x86
		Release|x86 = Release|x86
	EndGlobalSection
	GlobalSection(ProjectConfigurationPlatforms) = postSolution
		{DA306FDE-A17E-464F-8686-85DAB955C473}.Debug|x86.ActiveCfg = Debug|x86
		{DA306FDE-A17E-464F-8686-85DAB955C473}.Debug|x86.Build.0 = Debug|x86
		{DA306FDE-A17E-464F-8686-85DAB955C473}.Release|x86.ActiveCfg = Release|x86
		{DA306FDE-A17E-464F-8686-85DAB955C473}.Release|x86.Build.0 = Release|x86
	EndGlobalSection
	GlobalSection(SolutionProperties) = preSolution
		HideSolutionNode = FALSE
	EndGlobalSection
EndGlobal
